
Microsoft Visual Studio Solution File, Format Version 12.00
# Visual Studio Version 17
VisualStudioVersion = 17.9.34701.34
MinimumVisualStudioVersion = 10.0.40219.1
Project("{9A19103F-16F7-4668-BE54-9A1E7A4F7556}") = "StudentMgmt", "StudentMgmt\StudentMgmt.csproj", "{A1A49937-E1A0-4912-816A-295DC6291378}"
EndProject
Project("{FAE04EC0-301F-11D3-BF4B-00C04F79EFBC}") = "ConsumeApi", "ConsumeApi\ConsumeApi.csproj", "{F5B12B52-3E16-4EE3-9F7D-1C4A9D3A7A2A}"
EndProject
Global
	GlobalSection(SolutionConfigurationPlatforms) = preSolution
		Debug|Any CPU = Debug|Any CPU
		Release|Any CPU = Release|Any CPU
	EndGlobalSection
	GlobalSection(ProjectConfigurationPlatforms) = postSolution
		{A1A49937-E1A0-4912-816A-295DC6291378}.Debug|Any CPU.ActiveCfg = Debug|Any CPU
		{A1A49937-E1A0-4912-816A-295DC6291378}.Debug|Any CPU.Build.0 = Debug|Any CPU
		{A1A49937-E1A0-4912-816A-295DC6291378}.Release|Any CPU.ActiveCfg = Release|Any CPU
		{A1A49937-E1A0-4912-816A-295DC6291378}.Release|Any CPU.Build.0 = Release|Any CPU
		{F5B12B52-3E16-4EE3-9F7D-1C4A9D3A7A2A}.Debug|Any CPU.ActiveCfg = Debug|Any CPU
		{F5B12B52-3E16-4EE3-9F7D-1C4A9D3A7A2A}.Debug|Any CPU.Build.0 = Debug|Any CPU
		{F5B12B52-3E16-4EE3-9F7D-1C4A9D3A7A2A}.Release|Any CPU.ActiveCfg = Release|Any CPU
		{F5B12B52-3E16-4EE3-9F7D-1C4A9D3A7A2A}.Release|Any CPU.Build.0 = Release|Any CPU
	EndGlobalSection
	GlobalSection(SolutionProperties) = preSolution
		HideSolutionNode = FALSE
	EndGlobalSection
	GlobalSection(ExtensibilityGlobals) = postSolution
		SolutionGuid = {5C3905CF-3ACA-4E10-9DF1-B32E9B85B739}
	EndGlobalSection
EndGlobal
